
Microsoft Visual Studio Solution File, Format Version 12.00
# Visual Studio 15
VisualStudioVersion = 15.0.28307.102
MinimumVisualStudioVersion = 10.0.40219.1
Project("{8BC9CEB8-8B4A-11D0-8D11-00A0C91BC942}") = "yessir", "yessir\yessir.vcxproj", "{E8A0B03B-78A6-48FE-B233-6FC8B3D9420C}"
EndProject
Global
	GlobalSection(SolutionConfigurationPlatforms) = preSolution
		Debug|x64 = Debug|x64
		Debug|x86 = Debug|x86
		Release|x64 = Release|x64
		Release|x86 = Release|x86
	EndGlobalSection
	GlobalSection(ProjectConfigurationPlatforms) = postSolution
		{E8A0B03B-78A6-48FE-B233-6FC8B3D9420C}.Debug|x64.ActiveCfg = Debug|x64
		{E8A0B03B-78A6-48FE-B233-6FC8B3D9420C}.Debug|x64.Build.0 = Debug|x64
		{E8A0B03B-78A6-48FE-B233-6FC8B3D9420C}.Debug|x86.ActiveCfg = Debug|Win32
		{E8A0B03B-78A6-48FE-B233-6FC8B3D9420C}.Debug|x86.Build.0 = Debug|Win32
		{E8A0B03B-78A6-48FE-B233-6FC8B3D9420C}.Release|x64.ActiveCfg = Release|x64
		{E8A0B03B-78A6-48FE-B233-6FC8B3D9420C}.Release|x64.Build.0 = Release|x64
		{E8A0B03B-78A6-48FE-B233-6FC8B3D9420C}.Release|x86.ActiveCfg = Release|Win32
		{E8A0B03B-78A6-48FE-B233-6FC8B3D9420C}.Release|x86.Build.0 = Release|Win32
	EndGlobalSection
	GlobalSection(SolutionProperties) = preSolution
		HideSolutionNode = FALSE
	EndGlobalSection
	GlobalSection(ExtensibilityGlobals) = postSolution
		SolutionGuid = {9B5F237B-6C85-4BAE-B546-14A479644F08}
	EndGlobalSection
EndGlobal
